
Microsoft Visual Studio Solution File, Format Version 12.00
# Visual Studio 2012
Project("{FAE04EC0-301F-11D3-BF4B-00C04F79EFBC}") = "DMS", "src\DMS\DMS.csproj", "{B77EBF1B-589C-43C9-986C-BB0F1E30865D}"
EndProject
Project("{FAE04EC0-301F-11D3-BF4B-00C04F79EFBC}") = "DMS.Services", "src\DMS.Services\DMS.Services.csproj", "{1E1637C4-5797-4FC9-B8B1-BBDE71902379}"
EndProject
Global
	GlobalSection(SolutionConfigurationPlatforms) = preSolution
		Debug|Any CPU = Debug|Any CPU
		Release|Any CPU = Release|Any CPU
	EndGlobalSection
	GlobalSection(ProjectConfigurationPlatforms) = postSolution
		{B77EBF1B-589C-43C9-986C-BB0F1E30865D}.Debug|Any CPU.ActiveCfg = Debug|Any CPU
		{B77EBF1B-589C-43C9-986C-BB0F1E30865D}.Debug|Any CPU.Build.0 = Debug|Any CPU
		{B77EBF1B-589C-43C9-986C-BB0F1E30865D}.Release|Any CPU.ActiveCfg = Release|Any CPU
		{B77EBF1B-589C-43C9-986C-BB0F1E30865D}.Release|Any CPU.Build.0 = Release|Any CPU
		{1E1637C4-5797-4FC9-B8B1-BBDE71902379}.Debug|Any CPU.ActiveCfg = Debug|Any CPU
		{1E1637C4-5797-4FC9-B8B1-BBDE71902379}.Debug|Any CPU.Build.0 = Debug|Any CPU
		{1E1637C4-5797-4FC9-B8B1-BBDE71902379}.Release|Any CPU.ActiveCfg = Release|Any CPU
		{1E1637C4-5797-4FC9-B8B1-BBDE71902379}.Release|Any CPU.Build.0 = Release|Any CPU
	EndGlobalSection
	GlobalSection(SolutionProperties) = preSolution
		HideSolutionNode = FALSE
	EndGlobalSection
EndGlobal
